
Microsoft Visual Studio Solution File, Format Version 12.00
# Visual Studio Version 17
VisualStudioVersion = 17.12.35728.132
MinimumVisualStudioVersion = 10.0.40219.1
Project("{FAE04EC0-301F-11D3-BF4B-00C04F79EFBC}") = "MiniERP.RestApi", "src\MiniERP.RestApi\MiniERP.RestApi.csproj", "{679A8170-F263-4C54-B66C-39E2CE8B16D1}"
EndProject
Project("{2150E333-8FDC-42A3-9474-1A3956D46DE8}") = "Orders", "Orders", "{9C1F6BB0-A262-4EFE-B2EC-957EEE439A95}"
EndProject
Project("{2150E333-8FDC-42A3-9474-1A3956D46DE8}") = "Products", "Products", "{96071AC0-25B5-48E0-93C1-C8AD1EA110EF}"
EndProject
Project("{2150E333-8FDC-42A3-9474-1A3956D46DE8}") = "Users", "Users", "{DE9AA2B4-BFBE-4C37-AB27-3F866D1DB269}"
EndProject
Project("{2150E333-8FDC-42A3-9474-1A3956D46DE8}") = "AddressBook", "AddressBook", "{A329769F-E895-448B-A7FA-E067DCACA839}"
EndProject
Project("{FAE04EC0-301F-11D3-BF4B-00C04F79EFBC}") = "MiniERP.Orders.Domain", "src\MiniERP.Orders\MiniERP.Orders.Domain\MiniERP.Orders.Domain.csproj", "{50253258-120F-4342-A95F-EA6F7EF6F54E}"
EndProject
Project("{FAE04EC0-301F-11D3-BF4B-00C04F79EFBC}") = "MiniERP.AddressBook.Domain", "src\MiniERP.AddressBook\MiniERP.AddressBook.Domain\MiniERP.AddressBook.Domain.csproj", "{0AADA5EE-3042-49A3-9855-CBC4048EE384}"
EndProject
Project("{FAE04EC0-301F-11D3-BF4B-00C04F79EFBC}") = "MiniERP.Products.Domain", "src\MiniERP.Products\MiniERP.Products.Domain\MiniERP.Products.Domain.csproj", "{1AE222F1-1D85-45A1-AB71-9F5677C9261A}"
EndProject
Project("{FAE04EC0-301F-11D3-BF4B-00C04F79EFBC}") = "MiniERP.Users.Domain", "src\MiniERP.Users\MiniERP.Users.Domain\MiniERP.Users.Domain.csproj", "{7FE5C1FC-5C86-4C24-A43E-55A33DFEF9D0}"
EndProject
Project("{FAE04EC0-301F-11D3-BF4B-00C04F79EFBC}") = "MiniERP.Users.Infrastructure", "src\MiniERP.Users\MiniERP.Users.Infrastructure\MiniERP.Users.Infrastructure.csproj", "{0FF3497C-BFC0-47EB-85AD-F9F9E114E0E8}"
EndProject
Project("{FAE04EC0-301F-11D3-BF4B-00C04F79EFBC}") = "MiniERP.Products.Infrastructure", "src\MiniERP.Products\MiniERP.Products.Infrastructure\MiniERP.Products.Infrastructure.csproj", "{575A9DB6-9529-4D92-8AA0-82AFA52CE0EF}"
EndProject
Project("{FAE04EC0-301F-11D3-BF4B-00C04F79EFBC}") = "MiniERP.Orders.Infrastructure", "src\MiniERP.Orders\MiniERP.Orders.Infrastructure\MiniERP.Orders.Infrastructure.csproj", "{E2E5E158-29A1-4C2A-B5DF-162D29C540A3}"
EndProject
Project("{FAE04EC0-301F-11D3-BF4B-00C04F79EFBC}") = "MiniERP.AddressBook.Infrastructure", "src\MiniERP.AddressBook\MiniERP.AddressBook.Infrastructure\MiniERP.AddressBook.Infrastructure.csproj", "{FF8BEBD0-976F-4F41-8728-266377534538}"
EndProject
Project("{FAE04EC0-301F-11D3-BF4B-00C04F79EFBC}") = "MiniERP.AddressBook.Tests", "tests\MiniERP.AddressBook.Tests\MiniERP.AddressBook.Tests.csproj", "{0D5AF1EF-A063-4942-BF30-292B89B041C0}"
EndProject
Project("{FAE04EC0-301F-11D3-BF4B-00C04F79EFBC}") = "MiniERP.Orders.Tests", "tests\MiniERP.Orders.Tests\MiniERP.Orders.Tests.csproj", "{8FEBF540-32FC-4A1F-9894-704F7D7FB4E2}"
EndProject
Project("{FAE04EC0-301F-11D3-BF4B-00C04F79EFBC}") = "MiniERP.Products.Tests", "tests\MiniERP.Products.Tests\MiniERP.Products.Tests.csproj", "{F672BA44-B1BA-4146-9BDD-465BA395C527}"
EndProject
Project("{FAE04EC0-301F-11D3-BF4B-00C04F79EFBC}") = "MiniERP.Users.Tests", "tests\MiniERP.Users.Tests\MiniERP.Users.Tests.csproj", "{ED7D4925-4CCE-4DF4-BA93-F03DC2ED204A}"
EndProject
Project("{FAE04EC0-301F-11D3-BF4B-00C04F79EFBC}") = "MiniERP.Application", "src\MiniERP.Application\MiniERP.Application.csproj", "{A530B8D9-28C3-4813-B6D5-26B00C58A6A7}"
EndProject
Project("{FAE04EC0-301F-11D3-BF4B-00C04F79EFBC}") = "MiniERP.Application.Tests", "tests\MiniERP.Application.Tests\MiniERP.Application.Tests.csproj", "{1C269440-2668-42A6-972D-DAE6800E9806}"
EndProject
Project("{2150E333-8FDC-42A3-9474-1A3956D46DE8}") = "tests", "tests", "{02EA681E-C7D8-13C7-8484-4AC65E1B71E8}"
EndProject
Project("{FAE04EC0-301F-11D3-BF4B-00C04F79EFBC}") = "MiniERP.RestApi.Tests", "tests\MiniERP.RestApi.Tests\MiniERP.RestApi.Tests.csproj", "{C026706D-CD75-438D-ADF8-513B52829BA0}"
EndProject
Project("{2150E333-8FDC-42A3-9474-1A3956D46DE8}") = "src", "src", "{07205F56-0DFF-49A5-8FFD-9FE592ED1ACE}"
EndProject
Project("{E53339B2-1760-4266-BCC7-CA923CBCF16C}") = "docker-compose", "docker-compose.dcproj", "{81DDED9D-158B-E303-5F62-77A2896D2A5A}"
EndProject
Project("{2150E333-8FDC-42A3-9474-1A3956D46DE8}") = "Solution Items", "Solution Items", "{279BE216-DBDC-433B-AE55-0BB6E453ED2D}"
	ProjectSection(SolutionItems) = preProject
		.editorconfig = .editorconfig
	EndProjectSection
EndProject
Global
	GlobalSection(SolutionConfigurationPlatforms) = preSolution
		Debug|Any CPU = Debug|Any CPU
		Release|Any CPU = Release|Any CPU
	EndGlobalSection
	GlobalSection(ProjectConfigurationPlatforms) = postSolution
		{679A8170-F263-4C54-B66C-39E2CE8B16D1}.Debug|Any CPU.ActiveCfg = Debug|Any CPU
		{679A8170-F263-4C54-B66C-39E2CE8B16D1}.Debug|Any CPU.Build.0 = Debug|Any CPU
		{679A8170-F263-4C54-B66C-39E2CE8B16D1}.Release|Any CPU.ActiveCfg = Release|Any CPU
		{679A8170-F263-4C54-B66C-39E2CE8B16D1}.Release|Any CPU.Build.0 = Release|Any CPU
		{50253258-120F-4342-A95F-EA6F7EF6F54E}.Debug|Any CPU.ActiveCfg = Debug|Any CPU
		{50253258-120F-4342-A95F-EA6F7EF6F54E}.Debug|Any CPU.Build.0 = Debug|Any CPU
		{50253258-120F-4342-A95F-EA6F7EF6F54E}.Release|Any CPU.ActiveCfg = Release|Any CPU
		{50253258-120F-4342-A95F-EA6F7EF6F54E}.Release|Any CPU.Build.0 = Release|Any CPU
		{0AADA5EE-3042-49A3-9855-CBC4048EE384}.Debug|Any CPU.ActiveCfg = Debug|Any CPU
		{0AADA5EE-3042-49A3-9855-CBC4048EE384}.Debug|Any CPU.Build.0 = Debug|Any CPU
		{0AADA5EE-3042-49A3-9855-CBC4048EE384}.Release|Any CPU.ActiveCfg = Release|Any CPU
		{0AADA5EE-3042-49A3-9855-CBC4048EE384}.Release|Any CPU.Build.0 = Release|Any CPU
		{1AE222F1-1D85-45A1-AB71-9F5677C9261A}.Debug|Any CPU.ActiveCfg = Debug|Any CPU
		{1AE222F1-1D85-45A1-AB71-9F5677C9261A}.Debug|Any CPU.Build.0 = Debug|Any CPU
		{1AE222F1-1D85-45A1-AB71-9F5677C9261A}.Release|Any CPU.ActiveCfg = Release|Any CPU
		{1AE222F1-1D85-45A1-AB71-9F5677C9261A}.Release|Any CPU.Build.0 = Release|Any CPU
		{7FE5C1FC-5C86-4C24-A43E-55A33DFEF9D0}.Debug|Any CPU.ActiveCfg = Debug|Any CPU
		{7FE5C1FC-5C86-4C24-A43E-55A33DFEF9D0}.Debug|Any CPU.Build.0 = Debug|Any CPU
		{7FE5C1FC-5C86-4C24-A43E-55A33DFEF9D0}.Release|Any CPU.ActiveCfg = Release|Any CPU
		{7FE5C1FC-5C86-4C24-A43E-55A33DFEF9D0}.Release|Any CPU.Build.0 = Release|Any CPU
		{0FF3497C-BFC0-47EB-85AD-F9F9E114E0E8}.Debug|Any CPU.ActiveCfg = Debug|Any CPU
		{0FF3497C-BFC0-47EB-85AD-F9F9E114E0E8}.Debug|Any CPU.Build.0 = Debug|Any CPU
		{0FF3497C-BFC0-47EB-85AD-F9F9E114E0E8}.Release|Any CPU.ActiveCfg = Release|Any CPU
		{0FF3497C-BFC0-47EB-85AD-F9F9E114E0E8}.Release|Any CPU.Build.0 = Release|Any CPU
		{575A9DB6-9529-4D92-8AA0-82AFA52CE0EF}.Debug|Any CPU.ActiveCfg = Debug|Any CPU
		{575A9DB6-9529-4D92-8AA0-82AFA52CE0EF}.Debug|Any CPU.Build.0 = Debug|Any CPU
		{575A9DB6-9529-4D92-8AA0-82AFA52CE0EF}.Release|Any CPU.ActiveCfg = Release|Any CPU
		{575A9DB6-9529-4D92-8AA0-82AFA52CE0EF}.Release|Any CPU.Build.0 = Release|Any CPU
		{E2E5E158-29A1-4C2A-B5DF-162D29C540A3}.Debug|Any CPU.ActiveCfg = Debug|Any CPU
		{E2E5E158-29A1-4C2A-B5DF-162D29C540A3}.Debug|Any CPU.Build.0 = Debug|Any CPU
		{E2E5E158-29A1-4C2A-B5DF-162D29C540A3}.Release|Any CPU.ActiveCfg = Release|Any CPU
		{E2E5E158-29A1-4C2A-B5DF-162D29C540A3}.Release|Any CPU.Build.0 = Release|Any CPU
		{FF8BEBD0-976F-4F41-8728-266377534538}.Debug|Any CPU.ActiveCfg = Debug|Any CPU
		{FF8BEBD0-976F-4F41-8728-266377534538}.Debug|Any CPU.Build.0 = Debug|Any CPU
		{FF8BEBD0-976F-4F41-8728-266377534538}.Release|Any CPU.ActiveCfg = Release|Any CPU
		{FF8BEBD0-976F-4F41-8728-266377534538}.Release|Any CPU.Build.0 = Release|Any CPU
		{0D5AF1EF-A063-4942-BF30-292B89B041C0}.Debug|Any CPU.ActiveCfg = Debug|Any CPU
		{0D5AF1EF-A063-4942-BF30-292B89B041C0}.Debug|Any CPU.Build.0 = Debug|Any CPU
		{0D5AF1EF-A063-4942-BF30-292B89B041C0}.Release|Any CPU.ActiveCfg = Release|Any CPU
		{0D5AF1EF-A063-4942-BF30-292B89B041C0}.Release|Any CPU.Build.0 = Release|Any CPU
		{8FEBF540-32FC-4A1F-9894-704F7D7FB4E2}.Debug|Any CPU.ActiveCfg = Debug|Any CPU
		{8FEBF540-32FC-4A1F-9894-704F7D7FB4E2}.Debug|Any CPU.Build.0 = Debug|Any CPU
		{8FEBF540-32FC-4A1F-9894-704F7D7FB4E2}.Release|Any CPU.ActiveCfg = Release|Any CPU
		{8FEBF540-32FC-4A1F-9894-704F7D7FB4E2}.Release|Any CPU.Build.0 = Release|Any CPU
		{F672BA44-B1BA-4146-9BDD-465BA395C527}.Debug|Any CPU.ActiveCfg = Debug|Any CPU
		{F672BA44-B1BA-4146-9BDD-465BA395C527}.Debug|Any CPU.Build.0 = Debug|Any CPU
		{F672BA44-B1BA-4146-9BDD-465BA395C527}.Release|Any CPU.ActiveCfg = Release|Any CPU
		{F672BA44-B1BA-4146-9BDD-465BA395C527}.Release|Any CPU.Build.0 = Release|Any CPU
		{ED7D4925-4CCE-4DF4-BA93-F03DC2ED204A}.Debug|Any CPU.ActiveCfg = Debug|Any CPU
		{ED7D4925-4CCE-4DF4-BA93-F03DC2ED204A}.Debug|Any CPU.Build.0 = Debug|Any CPU
		{ED7D4925-4CCE-4DF4-BA93-F03DC2ED204A}.Release|Any CPU.ActiveCfg = Release|Any CPU
		{ED7D4925-4CCE-4DF4-BA93-F03DC2ED204A}.Release|Any CPU.Build.0 = Release|Any CPU
		{A530B8D9-28C3-4813-B6D5-26B00C58A6A7}.Debug|Any CPU.ActiveCfg = Debug|Any CPU
		{A530B8D9-28C3-4813-B6D5-26B00C58A6A7}.Debug|Any CPU.Build.0 = Debug|Any CPU
		{A530B8D9-28C3-4813-B6D5-26B00C58A6A7}.Release|Any CPU.ActiveCfg = Release|Any CPU
		{A530B8D9-28C3-4813-B6D5-26B00C58A6A7}.Release|Any CPU.Build.0 = Release|Any CPU
		{1C269440-2668-42A6-972D-DAE6800E9806}.Debug|Any CPU.ActiveCfg = Debug|Any CPU
		{1C269440-2668-42A6-972D-DAE6800E9806}.Debug|Any CPU.Build.0 = Debug|Any CPU
		{1C269440-2668-42A6-972D-DAE6800E9806}.Release|Any CPU.ActiveCfg = Release|Any CPU
		{1C269440-2668-42A6-972D-DAE6800E9806}.Release|Any CPU.Build.0 = Release|Any CPU
		{C026706D-CD75-438D-ADF8-513B52829BA0}.Debug|Any CPU.ActiveCfg = Debug|Any CPU
		{C026706D-CD75-438D-ADF8-513B52829BA0}.Debug|Any CPU.Build.0 = Debug|Any CPU
		{C026706D-CD75-438D-ADF8-513B52829BA0}.Release|Any CPU.ActiveCfg = Release|Any CPU
		{C026706D-CD75-438D-ADF8-513B52829BA0}.Release|Any CPU.Build.0 = Release|Any CPU
		{81DDED9D-158B-E303-5F62-77A2896D2A5A}.Debug|Any CPU.ActiveCfg = Debug|Any CPU
		{81DDED9D-158B-E303-5F62-77A2896D2A5A}.Debug|Any CPU.Build.0 = Debug|Any CPU
		{81DDED9D-158B-E303-5F62-77A2896D2A5A}.Release|Any CPU.ActiveCfg = Release|Any CPU
		{81DDED9D-158B-E303-5F62-77A2896D2A5A}.Release|Any CPU.Build.0 = Release|Any CPU
	EndGlobalSection
	GlobalSection(SolutionProperties) = preSolution
		HideSolutionNode = FALSE
	EndGlobalSection
	GlobalSection(NestedProjects) = preSolution
		{679A8170-F263-4C54-B66C-39E2CE8B16D1} = {07205F56-0DFF-49A5-8FFD-9FE592ED1ACE}
		{9C1F6BB0-A262-4EFE-B2EC-957EEE439A95} = {07205F56-0DFF-49A5-8FFD-9FE592ED1ACE}
		{96071AC0-25B5-48E0-93C1-C8AD1EA110EF} = {07205F56-0DFF-49A5-8FFD-9FE592ED1ACE}
		{DE9AA2B4-BFBE-4C37-AB27-3F866D1DB269} = {07205F56-0DFF-49A5-8FFD-9FE592ED1ACE}
		{A329769F-E895-448B-A7FA-E067DCACA839} = {07205F56-0DFF-49A5-8FFD-9FE592ED1ACE}
		{50253258-120F-4342-A95F-EA6F7EF6F54E} = {9C1F6BB0-A262-4EFE-B2EC-957EEE439A95}
		{0AADA5EE-3042-49A3-9855-CBC4048EE384} = {A329769F-E895-448B-A7FA-E067DCACA839}
		{1AE222F1-1D85-45A1-AB71-9F5677C9261A} = {96071AC0-25B5-48E0-93C1-C8AD1EA110EF}
		{7FE5C1FC-5C86-4C24-A43E-55A33DFEF9D0} = {DE9AA2B4-BFBE-4C37-AB27-3F866D1DB269}
		{0FF3497C-BFC0-47EB-85AD-F9F9E114E0E8} = {DE9AA2B4-BFBE-4C37-AB27-3F866D1DB269}
		{575A9DB6-9529-4D92-8AA0-82AFA52CE0EF} = {96071AC0-25B5-48E0-93C1-C8AD1EA110EF}
		{E2E5E158-29A1-4C2A-B5DF-162D29C540A3} = {9C1F6BB0-A262-4EFE-B2EC-957EEE439A95}
		{FF8BEBD0-976F-4F41-8728-266377534538} = {A329769F-E895-448B-A7FA-E067DCACA839}
		{0D5AF1EF-A063-4942-BF30-292B89B041C0} = {02EA681E-C7D8-13C7-8484-4AC65E1B71E8}
		{8FEBF540-32FC-4A1F-9894-704F7D7FB4E2} = {02EA681E-C7D8-13C7-8484-4AC65E1B71E8}
		{F672BA44-B1BA-4146-9BDD-465BA395C527} = {02EA681E-C7D8-13C7-8484-4AC65E1B71E8}
		{ED7D4925-4CCE-4DF4-BA93-F03DC2ED204A} = {02EA681E-C7D8-13C7-8484-4AC65E1B71E8}
		{A530B8D9-28C3-4813-B6D5-26B00C58A6A7} = {07205F56-0DFF-49A5-8FFD-9FE592ED1ACE}
		{1C269440-2668-42A6-972D-DAE6800E9806} = {02EA681E-C7D8-13C7-8484-4AC65E1B71E8}
		{C026706D-CD75-438D-ADF8-513B52829BA0} = {02EA681E-C7D8-13C7-8484-4AC65E1B71E8}
	EndGlobalSection
	GlobalSection(ExtensibilityGlobals) = postSolution
		SolutionGuid = {8A8C08AD-DE7A-4A41-A84C-911F8AB8F290}
	EndGlobalSection
EndGlobal
